// !$*UTF8*$!
{
	archiveVersion = 1;
	classes = {
	};
	objectVersion = 48;
	objects = {

/* Begin PBXBuildFile section */
		1CF799F2F49E8CD5A47A6D14 /* Pods_language_learnerUITests.framework in Frameworks */ = {isa = PBXBuildFile; fileRef = B6541AFD5DAA276E62A9B6D9 /* Pods_language_learnerUITests.framework */; };
		54675D7155958F766D7D9396 /* Pods_language_learnerTests.framework in Frameworks */ = {isa = PBXBuildFile; fileRef = AB14B83097138F89E3D42992 /* Pods_language_learnerTests.framework */; };
		5A7F26D3200A98E5006E44FB /* AppDelegate.swift in Sources */ = {isa = PBXBuildFile; fileRef = 5A7F26D2200A98E5006E44FB /* AppDelegate.swift */; };
		5A7F26D5200A98E5006E44FB /* ViewController.swift in Sources */ = {isa = PBXBuildFile; fileRef = 5A7F26D4200A98E5006E44FB /* ViewController.swift */; };
		5A7F26D8200A98E5006E44FB /* Main.storyboard in Resources */ = {isa = PBXBuildFile; fileRef = 5A7F26D6200A98E5006E44FB /* Main.storyboard */; };
		5A7F26DA200A98E5006E44FB /* Assets.xcassets in Resources */ = {isa = PBXBuildFile; fileRef = 5A7F26D9200A98E5006E44FB /* Assets.xcassets */; };
		5A7F26DD200A98E5006E44FB /* LaunchScreen.storyboard in Resources */ = {isa = PBXBuildFile; fileRef = 5A7F26DB200A98E5006E44FB /* LaunchScreen.storyboard */; };
		5A7F26E8200A98E5006E44FB /* language_learnerTests.swift in Sources */ = {isa = PBXBuildFile; fileRef = 5A7F26E7200A98E5006E44FB /* language_learnerTests.swift */; };
		5A7F26F3200A98E5006E44FB /* language_learnerUITests.swift in Sources */ = {isa = PBXBuildFile; fileRef = 5A7F26F2200A98E5006E44FB /* language_learnerUITests.swift */; };
		5A7F2707200ABE4C006E44FB /* LoginViewController.swift in Sources */ = {isa = PBXBuildFile; fileRef = 5A7F2706200ABE4C006E44FB /* LoginViewController.swift */; };
		5A7F270B200AC068006E44FB /* GoogleService-Info.plist in Resources */ = {isa = PBXBuildFile; fileRef = 5A7F270A200AC068006E44FB /* GoogleService-Info.plist */; };
		E78CD1BBB2E1B107EFEC8E46 /* Pods_language_learner.framework in Frameworks */ = {isa = PBXBuildFile; fileRef = FDAF516B998FEC06E476338E /* Pods_language_learner.framework */; };
/* End PBXBuildFile section */

/* Begin PBXContainerItemProxy section */
		5A7F26E4200A98E5006E44FB /* PBXContainerItemProxy */ = {
			isa = PBXContainerItemProxy;
			containerPortal = 5A7F26C7200A98E5006E44FB /* Project object */;
			proxyType = 1;
			remoteGlobalIDString = 5A7F26CE200A98E5006E44FB;
			remoteInfo = language_learner;
		};
		5A7F26EF200A98E5006E44FB /* PBXContainerItemProxy */ = {
			isa = PBXContainerItemProxy;
			containerPortal = 5A7F26C7200A98E5006E44FB /* Project object */;
			proxyType = 1;
			remoteGlobalIDString = 5A7F26CE200A98E5006E44FB;
			remoteInfo = language_learner;
		};
/* End PBXContainerItemProxy section */

/* Begin PBXFileReference section */
		318F5B9EF53C54C0C03C80D3 /* Pods-language_learnerTests.debug.xcconfig */ = {isa = PBXFileReference; includeInIndex = 1; lastKnownFileType = text.xcconfig; name = "Pods-language_learnerTests.debug.xcconfig"; path = "Pods/Target Support Files/Pods-language_learnerTests/Pods-language_learnerTests.debug.xcconfig"; sourceTree = "<group>"; };
		5A7F26CF200A98E5006E44FB /* language_learner.app */ = {isa = PBXFileReference; explicitFileType = wrapper.application; includeInIndex = 0; path = language_learner.app; sourceTree = BUILT_PRODUCTS_DIR; };
		5A7F26D2200A98E5006E44FB /* AppDelegate.swift */ = {isa = PBXFileReference; lastKnownFileType = sourcecode.swift; path = AppDelegate.swift; sourceTree = "<group>"; };
		5A7F26D4200A98E5006E44FB /* ViewController.swift */ = {isa = PBXFileReference; lastKnownFileType = sourcecode.swift; path = ViewController.swift; sourceTree = "<group>"; };
		5A7F26D7200A98E5006E44FB /* Base */ = {isa = PBXFileReference; lastKnownFileType = file.storyboard; name = Base; path = Base.lproj/Main.storyboard; sourceTree = "<group>"; };
		5A7F26D9200A98E5006E44FB /* Assets.xcassets */ = {isa = PBXFileReference; lastKnownFileType = folder.assetcatalog; path = Assets.xcassets; sourceTree = "<group>"; };
		5A7F26DC200A98E5006E44FB /* Base */ = {isa = PBXFileReference; lastKnownFileType = file.storyboard; name = Base; path = Base.lproj/LaunchScreen.storyboard; sourceTree = "<group>"; };
		5A7F26DE200A98E5006E44FB /* Info.plist */ = {isa = PBXFileReference; lastKnownFileType = text.plist.xml; path = Info.plist; sourceTree = "<group>"; };
		5A7F26E3200A98E5006E44FB /* language_learnerTests.xctest */ = {isa = PBXFileReference; explicitFileType = wrapper.cfbundle; includeInIndex = 0; path = language_learnerTests.xctest; sourceTree = BUILT_PRODUCTS_DIR; };
		5A7F26E7200A98E5006E44FB /* language_learnerTests.swift */ = {isa = PBXFileReference; lastKnownFileType = sourcecode.swift; path = language_learnerTests.swift; sourceTree = "<group>"; };
		5A7F26E9200A98E5006E44FB /* Info.plist */ = {isa = PBXFileReference; lastKnownFileType = text.plist.xml; path = Info.plist; sourceTree = "<group>"; };
		5A7F26EE200A98E5006E44FB /* language_learnerUITests.xctest */ = {isa = PBXFileReference; explicitFileType = wrapper.cfbundle; includeInIndex = 0; path = language_learnerUITests.xctest; sourceTree = BUILT_PRODUCTS_DIR; };
		5A7F26F2200A98E5006E44FB /* language_learnerUITests.swift */ = {isa = PBXFileReference; lastKnownFileType = sourcecode.swift; path = language_learnerUITests.swift; sourceTree = "<group>"; };
		5A7F26F4200A98E5006E44FB /* Info.plist */ = {isa = PBXFileReference; lastKnownFileType = text.plist.xml; path = Info.plist; sourceTree = "<group>"; };
		5A7F2706200ABE4C006E44FB /* LoginViewController.swift */ = {isa = PBXFileReference; lastKnownFileType = sourcecode.swift; path = LoginViewController.swift; sourceTree = "<group>"; };
		5A7F270A200AC068006E44FB /* GoogleService-Info.plist */ = {isa = PBXFileReference; fileEncoding = 4; lastKnownFileType = text.plist.xml; name = "GoogleService-Info.plist"; path = "../../GoogleService-Info.plist"; sourceTree = "<group>"; };
		5BEBB064172C01F07CB96E87 /* Pods-language_learnerUITests.debug.xcconfig */ = {isa = PBXFileReference; includeInIndex = 1; lastKnownFileType = text.xcconfig; name = "Pods-language_learnerUITests.debug.xcconfig"; path = "Pods/Target Support Files/Pods-language_learnerUITests/Pods-language_learnerUITests.debug.xcconfig"; sourceTree = "<group>"; };
		6B00ABCF060C11D4F8E87451 /* Pods-language_learner.debug.xcconfig */ = {isa = PBXFileReference; includeInIndex = 1; lastKnownFileType = text.xcconfig; name = "Pods-language_learner.debug.xcconfig"; path = "Pods/Target Support Files/Pods-language_learner/Pods-language_learner.debug.xcconfig"; sourceTree = "<group>"; };
		88CC7BDB0DE193344708088E /* Pods-language_learnerTests.release.xcconfig */ = {isa = PBXFileReference; includeInIndex = 1; lastKnownFileType = text.xcconfig; name = "Pods-language_learnerTests.release.xcconfig"; path = "Pods/Target Support Files/Pods-language_learnerTests/Pods-language_learnerTests.release.xcconfig"; sourceTree = "<group>"; };
		A933AB6EFEA1E1D4DA87C419 /* Pods-language_learner.release.xcconfig */ = {isa = PBXFileReference; includeInIndex = 1; lastKnownFileType = text.xcconfig; name = "Pods-language_learner.release.xcconfig"; path = "Pods/Target Support Files/Pods-language_learner/Pods-language_learner.release.xcconfig"; sourceTree = "<group>"; };
		AB14B83097138F89E3D42992 /* Pods_language_learnerTests.framework */ = {isa = PBXFileReference; explicitFileType = wrapper.framework; includeInIndex = 0; path = Pods_language_learnerTests.framework; sourceTree = BUILT_PRODUCTS_DIR; };
		B6541AFD5DAA276E62A9B6D9 /* Pods_language_learnerUITests.framework */ = {isa = PBXFileReference; explicitFileType = wrapper.framework; includeInIndex = 0; path = Pods_language_learnerUITests.framework; sourceTree = BUILT_PRODUCTS_DIR; };
		B7216E14D536511C01B54971 /* Pods-language_learnerUITests.release.xcconfig */ = {isa = PBXFileReference; includeInIndex = 1; lastKnownFileType = text.xcconfig; name = "Pods-language_learnerUITests.release.xcconfig"; path = "Pods/Target Support Files/Pods-language_learnerUITests/Pods-language_learnerUITests.release.xcconfig"; sourceTree = "<group>"; };
		FDAF516B998FEC06E476338E /* Pods_language_learner.framework */ = {isa = PBXFileReference; explicitFileType = wrapper.framework; includeInIndex = 0; path = Pods_language_learner.framework; sourceTree = BUILT_PRODUCTS_DIR; };
/* End PBXFileReference section */

/* Begin PBXFrameworksBuildPhase section */
		5A7F26CC200A98E5006E44FB /* Frameworks */ = {
			isa = PBXFrameworksBuildPhase;
			buildActionMask = 2147483647;
			files = (
				E78CD1BBB2E1B107EFEC8E46 /* Pods_language_learner.framework in Frameworks */,
			);
			runOnlyForDeploymentPostprocessing = 0;
		};
		5A7F26E0200A98E5006E44FB /* Frameworks */ = {
			isa = PBXFrameworksBuildPhase;
			buildActionMask = 2147483647;
			files = (
				54675D7155958F766D7D9396 /* Pods_language_learnerTests.framework in Frameworks */,
			);
			runOnlyForDeploymentPostprocessing = 0;
		};
		5A7F26EB200A98E5006E44FB /* Frameworks */ = {
			isa = PBXFrameworksBuildPhase;
			buildActionMask = 2147483647;
			files = (
				1CF799F2F49E8CD5A47A6D14 /* Pods_language_learnerUITests.framework in Frameworks */,
			);
			runOnlyForDeploymentPostprocessing = 0;
		};
/* End PBXFrameworksBuildPhase section */

/* Begin PBXGroup section */
		5A7F26C6200A98E5006E44FB = {
			isa = PBXGroup;
			children = (
				5A7F26D1200A98E5006E44FB /* language_learner */,
				5A7F26E6200A98E5006E44FB /* language_learnerTests */,
				5A7F26F1200A98E5006E44FB /* language_learnerUITests */,
				5A7F26D0200A98E5006E44FB /* Products */,
				FAC86A0BD7A15197A0698DE0 /* Pods */,
				5F9E8EAD530FABC239F6791C /* Frameworks */,
			);
			sourceTree = "<group>";
		};
		5A7F26D0200A98E5006E44FB /* Products */ = {
			isa = PBXGroup;
			children = (
				5A7F26CF200A98E5006E44FB /* language_learner.app */,
				5A7F26E3200A98E5006E44FB /* language_learnerTests.xctest */,
				5A7F26EE200A98E5006E44FB /* language_learnerUITests.xctest */,
			);
			name = Products;
			sourceTree = "<group>";
		};
		5A7F26D1200A98E5006E44FB /* language_learner */ = {
			isa = PBXGroup;
			children = (
				5A7F26D2200A98E5006E44FB /* AppDelegate.swift */,
				5A7F26D4200A98E5006E44FB /* ViewController.swift */,
				5A7F26D6200A98E5006E44FB /* Main.storyboard */,
				5A7F26D9200A98E5006E44FB /* Assets.xcassets */,
				5A7F26DB200A98E5006E44FB /* LaunchScreen.storyboard */,
				5A7F26DE200A98E5006E44FB /* Info.plist */,
				5A7F270A200AC068006E44FB /* GoogleService-Info.plist */,
				5A7F2706200ABE4C006E44FB /* LoginViewController.swift */,
			);
			path = language_learner;
			sourceTree = "<group>";
		};
		5A7F26E6200A98E5006E44FB /* language_learnerTests */ = {
			isa = PBXGroup;
			children = (
				5A7F26E7200A98E5006E44FB /* language_learnerTests.swift */,
				5A7F26E9200A98E5006E44FB /* Info.plist */,
			);
			path = language_learnerTests;
			sourceTree = "<group>";
		};
		5A7F26F1200A98E5006E44FB /* language_learnerUITests */ = {
			isa = PBXGroup;
			children = (
				5A7F26F2200A98E5006E44FB /* language_learnerUITests.swift */,
				5A7F26F4200A98E5006E44FB /* Info.plist */,
			);
			path = language_learnerUITests;
			sourceTree = "<group>";
		};
		5F9E8EAD530FABC239F6791C /* Frameworks */ = {
			isa = PBXGroup;
			children = (
				FDAF516B998FEC06E476338E /* Pods_language_learner.framework */,
				AB14B83097138F89E3D42992 /* Pods_language_learnerTests.framework */,
				B6541AFD5DAA276E62A9B6D9 /* Pods_language_learnerUITests.framework */,
			);
			name = Frameworks;
			sourceTree = "<group>";
		};
		FAC86A0BD7A15197A0698DE0 /* Pods */ = {
			isa = PBXGroup;
			children = (
				6B00ABCF060C11D4F8E87451 /* Pods-language_learner.debug.xcconfig */,
				A933AB6EFEA1E1D4DA87C419 /* Pods-language_learner.release.xcconfig */,
				318F5B9EF53C54C0C03C80D3 /* Pods-language_learnerTests.debug.xcconfig */,
				88CC7BDB0DE193344708088E /* Pods-language_learnerTests.release.xcconfig */,
				5BEBB064172C01F07CB96E87 /* Pods-language_learnerUITests.debug.xcconfig */,
				B7216E14D536511C01B54971 /* Pods-language_learnerUITests.release.xcconfig */,
			);
			name = Pods;
			sourceTree = "<group>";
		};
/* End PBXGroup section */

/* Begin PBXNativeTarget section */
		5A7F26CE200A98E5006E44FB /* language_learner */ = {
			isa = PBXNativeTarget;
			buildConfigurationList = 5A7F26F7200A98E6006E44FB /* Build configuration list for PBXNativeTarget "language_learner" */;
			buildPhases = (
				83E7D92C9651197810399992 /* [CP] Check Pods Manifest.lock */,
				5A7F26CB200A98E5006E44FB /* Sources */,
				5A7F26CC200A98E5006E44FB /* Frameworks */,
				5A7F26CD200A98E5006E44FB /* Resources */,
				DC13FA32FDBA709CB2B2490E /* [CP] Embed Pods Frameworks */,
				59EC48364DCDF2F3A6E0FFE7 /* [CP] Copy Pods Resources */,
			);
			buildRules = (
			);
			dependencies = (
			);
			name = language_learner;
			productName = language_learner;
			productReference = 5A7F26CF200A98E5006E44FB /* language_learner.app */;
			productType = "com.apple.product-type.application";
		};
		5A7F26E2200A98E5006E44FB /* language_learnerTests */ = {
			isa = PBXNativeTarget;
			buildConfigurationList = 5A7F26FA200A98E6006E44FB /* Build configuration list for PBXNativeTarget "language_learnerTests" */;
			buildPhases = (
				D246D4C354877B69BF8088E3 /* [CP] Check Pods Manifest.lock */,
				5A7F26DF200A98E5006E44FB /* Sources */,
				5A7F26E0200A98E5006E44FB /* Frameworks */,
				5A7F26E1200A98E5006E44FB /* Resources */,
				223D1A760610E04FF30ED4B3 /* [CP] Embed Pods Frameworks */,
				BC5CF8E087BC926F5D3E83DB /* [CP] Copy Pods Resources */,
			);
			buildRules = (
			);
			dependencies = (
				5A7F26E5200A98E5006E44FB /* PBXTargetDependency */,
			);
			name = language_learnerTests;
			productName = language_learnerTests;
			productReference = 5A7F26E3200A98E5006E44FB /* language_learnerTests.xctest */;
			productType = "com.apple.product-type.bundle.unit-test";
		};
		5A7F26ED200A98E5006E44FB /* language_learnerUITests */ = {
			isa = PBXNativeTarget;
			buildConfigurationList = 5A7F26FD200A98E6006E44FB /* Build configuration list for PBXNativeTarget "language_learnerUITests" */;
			buildPhases = (
				FCD600FD9514526F62855B99 /* [CP] Check Pods Manifest.lock */,
				5A7F26EA200A98E5006E44FB /* Sources */,
				5A7F26EB200A98E5006E44FB /* Frameworks */,
				5A7F26EC200A98E5006E44FB /* Resources */,
				643ECDFA1822BE1F56E9BFBD /* [CP] Embed Pods Frameworks */,
				472D2F14EC0A13417A9FFC74 /* [CP] Copy Pods Resources */,
			);
			buildRules = (
			);
			dependencies = (
				5A7F26F0200A98E5006E44FB /* PBXTargetDependency */,
			);
			name = language_learnerUITests;
			productName = language_learnerUITests;
			productReference = 5A7F26EE200A98E5006E44FB /* language_learnerUITests.xctest */;
			productType = "com.apple.product-type.bundle.ui-testing";
		};
/* End PBXNativeTarget section */

/* Begin PBXProject section */
		5A7F26C7200A98E5006E44FB /* Project object */ = {
			isa = PBXProject;
			attributes = {
				LastSwiftUpdateCheck = 0920;
				LastUpgradeCheck = 0920;
				ORGANIZATIONNAME = "Lauren Antilla";
				TargetAttributes = {
					5A7F26CE200A98E5006E44FB = {
						CreatedOnToolsVersion = 9.2;
						ProvisioningStyle = Automatic;
					};
					5A7F26E2200A98E5006E44FB = {
						CreatedOnToolsVersion = 9.2;
						ProvisioningStyle = Automatic;
						TestTargetID = 5A7F26CE200A98E5006E44FB;
					};
					5A7F26ED200A98E5006E44FB = {
						CreatedOnToolsVersion = 9.2;
						ProvisioningStyle = Automatic;
						TestTargetID = 5A7F26CE200A98E5006E44FB;
					};
				};
			};
			buildConfigurationList = 5A7F26CA200A98E5006E44FB /* Build configuration list for PBXProject "language_learner" */;
			compatibilityVersion = "Xcode 8.0";
			developmentRegion = en;
			hasScannedForEncodings = 0;
			knownRegions = (
				en,
				Base,
			);
			mainGroup = 5A7F26C6200A98E5006E44FB;
			productRefGroup = 5A7F26D0200A98E5006E44FB /* Products */;
			projectDirPath = "";
			projectRoot = "";
			targets = (
				5A7F26CE200A98E5006E44FB /* language_learner */,
				5A7F26E2200A98E5006E44FB /* language_learnerTests */,
				5A7F26ED200A98E5006E44FB /* language_learnerUITests */,
			);
		};
/* End PBXProject section */

/* Begin PBXResourcesBuildPhase section */
		5A7F26CD200A98E5006E44FB /* Resources */ = {
			isa = PBXResourcesBuildPhase;
			buildActionMask = 2147483647;
			files = (
				5A7F26DD200A98E5006E44FB /* LaunchScreen.storyboard in Resources */,
				5A7F270B200AC068006E44FB /* GoogleService-Info.plist in Resources */,
				5A7F26DA200A98E5006E44FB /* Assets.xcassets in Resources */,
				5A7F26D8200A98E5006E44FB /* Main.storyboard in Resources */,
			);
			runOnlyForDeploymentPostprocessing = 0;
		};
		5A7F26E1200A98E5006E44FB /* Resources */ = {
			isa = PBXResourcesBuildPhase;
			buildActionMask = 2147483647;
			files = (
			);
			runOnlyForDeploymentPostprocessing = 0;
		};
		5A7F26EC200A98E5006E44FB /* Resources */ = {
			isa = PBXResourcesBuildPhase;
			buildActionMask = 2147483647;
			files = (
			);
			runOnlyForDeploymentPostprocessing = 0;
		};
/* End PBXResourcesBuildPhase section */

/* Begin PBXShellScriptBuildPhase section */
		223D1A760610E04FF30ED4B3 /* [CP] Embed Pods Frameworks */ = {
			isa = PBXShellScriptBuildPhase;
			buildActionMask = 2147483647;
			files = (
			);
			inputPaths = (
			);
			name = "[CP] Embed Pods Frameworks";
			outputPaths = (
			);
			runOnlyForDeploymentPostprocessing = 0;
			shellPath = /bin/sh;
			shellScript = "\"${SRCROOT}/Pods/Target Support Files/Pods-language_learnerTests/Pods-language_learnerTests-frameworks.sh\"\n";
			showEnvVarsInLog = 0;
		};
		472D2F14EC0A13417A9FFC74 /* [CP] Copy Pods Resources */ = {
			isa = PBXShellScriptBuildPhase;
			buildActionMask = 2147483647;
			files = (
			);
			inputPaths = (
			);
			name = "[CP] Copy Pods Resources";
			outputPaths = (
			);
			runOnlyForDeploymentPostprocessing = 0;
			shellPath = /bin/sh;
			shellScript = "\"${SRCROOT}/Pods/Target Support Files/Pods-language_learnerUITests/Pods-language_learnerUITests-resources.sh\"\n";
			showEnvVarsInLog = 0;
		};
		59EC48364DCDF2F3A6E0FFE7 /* [CP] Copy Pods Resources */ = {
			isa = PBXShellScriptBuildPhase;
			buildActionMask = 2147483647;
			files = (
			);
			inputPaths = (
			);
			name = "[CP] Copy Pods Resources";
			outputPaths = (
			);
			runOnlyForDeploymentPostprocessing = 0;
			shellPath = /bin/sh;
			shellScript = "\"${SRCROOT}/Pods/Target Support Files/Pods-language_learner/Pods-language_learner-resources.sh\"\n";
			showEnvVarsInLog = 0;
		};
		643ECDFA1822BE1F56E9BFBD /* [CP] Embed Pods Frameworks */ = {
			isa = PBXShellScriptBuildPhase;
			buildActionMask = 2147483647;
			files = (
			);
			inputPaths = (
			);
			name = "[CP] Embed Pods Frameworks";
			outputPaths = (
			);
			runOnlyForDeploymentPostprocessing = 0;
			shellPath = /bin/sh;
			shellScript = "\"${SRCROOT}/Pods/Target Support Files/Pods-language_learnerUITests/Pods-language_learnerUITests-frameworks.sh\"\n";
			showEnvVarsInLog = 0;
		};
		83E7D92C9651197810399992 /* [CP] Check Pods Manifest.lock */ = {
			isa = PBXShellScriptBuildPhase;
			buildActionMask = 2147483647;
			files = (
			);
			inputPaths = (
				"${PODS_PODFILE_DIR_PATH}/Podfile.lock",
				"${PODS_ROOT}/Manifest.lock",
			);
			name = "[CP] Check Pods Manifest.lock";
			outputPaths = (
				"$(DERIVED_FILE_DIR)/Pods-language_learner-checkManifestLockResult.txt",
			);
			runOnlyForDeploymentPostprocessing = 0;
			shellPath = /bin/sh;
			shellScript = "diff \"${PODS_PODFILE_DIR_PATH}/Podfile.lock\" \"${PODS_ROOT}/Manifest.lock\" > /dev/null\nif [ $? != 0 ] ; then\n    # print error to STDERR\n    echo \"error: The sandbox is not in sync with the Podfile.lock. Run 'pod install' or update your CocoaPods installation.\" >&2\n    exit 1\nfi\n# This output is used by Xcode 'outputs' to avoid re-running this script phase.\necho \"SUCCESS\" > \"${SCRIPT_OUTPUT_FILE_0}\"\n";
			showEnvVarsInLog = 0;
		};
		BC5CF8E087BC926F5D3E83DB /* [CP] Copy Pods Resources */ = {
			isa = PBXShellScriptBuildPhase;
			buildActionMask = 2147483647;
			files = (
			);
			inputPaths = (
			);
			name = "[CP] Copy Pods Resources";
			outputPaths = (
			);
			runOnlyForDeploymentPostprocessing = 0;
			shellPath = /bin/sh;
			shellScript = "\"${SRCROOT}/Pods/Target Support Files/Pods-language_learnerTests/Pods-language_learnerTests-resources.sh\"\n";
			showEnvVarsInLog = 0;
		};
		D246D4C354877B69BF8088E3 /* [CP] Check Pods Manifest.lock */ = {
			isa = PBXShellScriptBuildPhase;
			buildActionMask = 2147483647;
			files = (
			);
			inputPaths = (
				"${PODS_PODFILE_DIR_PATH}/Podfile.lock",
				"${PODS_ROOT}/Manifest.lock",
			);
			name = "[CP] Check Pods Manifest.lock";
			outputPaths = (
				"$(DERIVED_FILE_DIR)/Pods-language_learnerTests-checkManifestLockResult.txt",
			);
			runOnlyForDeploymentPostprocessing = 0;
			shellPath = /bin/sh;
			shellScript = "diff \"${PODS_PODFILE_DIR_PATH}/Podfile.lock\" \"${PODS_ROOT}/Manifest.lock\" > /dev/null\nif [ $? != 0 ] ; then\n    # print error to STDERR\n    echo \"error: The sandbox is not in sync with the Podfile.lock. Run 'pod install' or update your CocoaPods installation.\" >&2\n    exit 1\nfi\n# This output is used by Xcode 'outputs' to avoid re-running this script phase.\necho \"SUCCESS\" > \"${SCRIPT_OUTPUT_FILE_0}\"\n";
			showEnvVarsInLog = 0;
		};
		DC13FA32FDBA709CB2B2490E /* [CP] Embed Pods Frameworks */ = {
			isa = PBXShellScriptBuildPhase;
			buildActionMask = 2147483647;
			files = (
			);
			inputPaths = (
				"${SRCROOT}/Pods/Target Support Files/Pods-language_learner/Pods-language_learner-frameworks.sh",
				"${BUILT_PRODUCTS_DIR}/GTMSessionFetcher/GTMSessionFetcher.framework",
				"${BUILT_PRODUCTS_DIR}/GoogleToolboxForMac/GoogleToolboxForMac.framework",
				"${BUILT_PRODUCTS_DIR}/leveldb-library/leveldb.framework",
				"${BUILT_PRODUCTS_DIR}/nanopb/nanopb.framework",
			);
			name = "[CP] Embed Pods Frameworks";
			outputPaths = (
				"${TARGET_BUILD_DIR}/${FRAMEWORKS_FOLDER_PATH}/GTMSessionFetcher.framework",
				"${TARGET_BUILD_DIR}/${FRAMEWORKS_FOLDER_PATH}/GoogleToolboxForMac.framework",
				"${TARGET_BUILD_DIR}/${FRAMEWORKS_FOLDER_PATH}/leveldb.framework",
				"${TARGET_BUILD_DIR}/${FRAMEWORKS_FOLDER_PATH}/nanopb.framework",
			);
			runOnlyForDeploymentPostprocessing = 0;
			shellPath = /bin/sh;
			shellScript = "\"${SRCROOT}/Pods/Target Support Files/Pods-language_learner/Pods-language_learner-frameworks.sh\"\n";
			showEnvVarsInLog = 0;
		};
		FCD600FD9514526F62855B99 /* [CP] Check Pods Manifest.lock */ = {
			isa = PBXShellScriptBuildPhase;
			buildActionMask = 2147483647;
			files = (
			);
			inputPaths = (
				"${PODS_PODFILE_DIR_PATH}/Podfile.lock",
				"${PODS_ROOT}/Manifest.lock",
			);
			name = "[CP] Check Pods Manifest.lock";
			outputPaths = (
				"$(DERIVED_FILE_DIR)/Pods-language_learnerUITests-checkManifestLockResult.txt",
			);
			runOnlyForDeploymentPostprocessing = 0;
			shellPath = /bin/sh;
			shellScript = "diff \"${PODS_PODFILE_DIR_PATH}/Podfile.lock\" \"${PODS_ROOT}/Manifest.lock\" > /dev/null\nif [ $? != 0 ] ; then\n    # print error to STDERR\n    echo \"error: The sandbox is not in sync with the Podfile.lock. Run 'pod install' or update your CocoaPods installation.\" >&2\n    exit 1\nfi\n# This output is used by Xcode 'outputs' to avoid re-running this script phase.\necho \"SUCCESS\" > \"${SCRIPT_OUTPUT_FILE_0}\"\n";
			showEnvVarsInLog = 0;
		};
/* End PBXShellScriptBuildPhase section */

/* Begin PBXSourcesBuildPhase section */
		5A7F26CB200A98E5006E44FB /* Sources */ = {
			isa = PBXSourcesBuildPhase;
			buildActionMask = 2147483647;
			files = (
				5A7F2707200ABE4C006E44FB /* LoginViewController.swift in Sources */,
				5A7F26D5200A98E5006E44FB /* ViewController.swift in Sources */,
				5A7F26D3200A98E5006E44FB /* AppDelegate.swift in Sources */,
			);
			runOnlyForDeploymentPostprocessing = 0;
		};
		5A7F26DF200A98E5006E44FB /* Sources */ = {
			isa = PBXSourcesBuildPhase;
			buildActionMask = 2147483647;
			files = (
				5A7F26E8200A98E5006E44FB /* language_learnerTests.swift in Sources */,
			);
			runOnlyForDeploymentPostprocessing = 0;
		};
		5A7F26EA200A98E5006E44FB /* Sources */ = {
			isa = PBXSourcesBuildPhase;
			buildActionMask = 2147483647;
			files = (
				5A7F26F3200A98E5006E44FB /* language_learnerUITests.swift in Sources */,
			);
			runOnlyForDeploymentPostprocessing = 0;
		};
/* End PBXSourcesBuildPhase section */

/* Begin PBXTargetDependency section */
		5A7F26E5200A98E5006E44FB /* PBXTargetDependency */ = {
			isa = PBXTargetDependency;
			target = 5A7F26CE200A98E5006E44FB /* language_learner */;
			targetProxy = 5A7F26E4200A98E5006E44FB /* PBXContainerItemProxy */;
		};
		5A7F26F0200A98E5006E44FB /* PBXTargetDependency */ = {
			isa = PBXTargetDependency;
			target = 5A7F26CE200A98E5006E44FB /* language_learner */;
			targetProxy = 5A7F26EF200A98E5006E44FB /* PBXContainerItemProxy */;
		};
/* End PBXTargetDependency section */

/* Begin PBXVariantGroup section */
		5A7F26D6200A98E5006E44FB /* Main.storyboard */ = {
			isa = PBXVariantGroup;
			children = (
				5A7F26D7200A98E5006E44FB /* Base */,
			);
			name = Main.storyboard;
			sourceTree = "<group>";
		};
		5A7F26DB200A98E5006E44FB /* LaunchScreen.storyboard */ = {
			isa = PBXVariantGroup;
			children = (
				5A7F26DC200A98E5006E44FB /* Base */,
			);
			name = LaunchScreen.storyboard;
			sourceTree = "<group>";
		};
/* End PBXVariantGroup section */

/* Begin XCBuildConfiguration section */
		5A7F26F5200A98E6006E44FB /* Debug */ = {
			isa = XCBuildConfiguration;
			buildSettings = {
				ALWAYS_SEARCH_USER_PATHS = NO;
				CLANG_ANALYZER_NONNULL = YES;
				CLANG_ANALYZER_NUMBER_OBJECT_CONVERSION = YES_AGGRESSIVE;
				CLANG_CXX_LANGUAGE_STANDARD = "gnu++14";
				CLANG_CXX_LIBRARY = "libc++";
				CLANG_ENABLE_MODULES = YES;
				CLANG_ENABLE_OBJC_ARC = YES;
				CLANG_WARN_BLOCK_CAPTURE_AUTORELEASING = YES;
				CLANG_WARN_BOOL_CONVERSION = YES;
				CLANG_WARN_COMMA = YES;
				CLANG_WARN_CONSTANT_CONVERSION = YES;
				CLANG_WARN_DIRECT_OBJC_ISA_USAGE = YES_ERROR;
				CLANG_WARN_DOCUMENTATION_COMMENTS = YES;
				CLANG_WARN_EMPTY_BODY = YES;
				CLANG_WARN_ENUM_CONVERSION = YES;
				CLANG_WARN_INFINITE_RECURSION = YES;
				CLANG_WARN_INT_CONVERSION = YES;
				CLANG_WARN_NON_LITERAL_NULL_CONVERSION = YES;
				CLANG_WARN_OBJC_LITERAL_CONVERSION = YES;
				CLANG_WARN_OBJC_ROOT_CLASS = YES_ERROR;
				CLANG_WARN_RANGE_LOOP_ANALYSIS = YES;
				CLANG_WARN_STRICT_PROTOTYPES = YES;
				CLANG_WARN_SUSPICIOUS_MOVE = YES;
				CLANG_WARN_UNGUARDED_AVAILABILITY = YES_AGGRESSIVE;
				CLANG_WARN_UNREACHABLE_CODE = YES;
				CLANG_WARN__DUPLICATE_METHOD_MATCH = YES;
				CODE_SIGN_IDENTITY = "iPhone Developer";
				COPY_PHASE_STRIP = NO;
				DEBUG_INFORMATION_FORMAT = dwarf;
				ENABLE_STRICT_OBJC_MSGSEND = YES;
				ENABLE_TESTABILITY = YES;
				GCC_C_LANGUAGE_STANDARD = gnu11;
				GCC_DYNAMIC_NO_PIC = NO;
				GCC_NO_COMMON_BLOCKS = YES;
				GCC_OPTIMIZATION_LEVEL = 0;
				GCC_PREPROCESSOR_DEFINITIONS = (
					"DEBUG=1",
					"$(inherited)",
				);
				GCC_WARN_64_TO_32_BIT_CONVERSION = YES;
				GCC_WARN_ABOUT_RETURN_TYPE = YES_ERROR;
				GCC_WARN_UNDECLARED_SELECTOR = YES;
				GCC_WARN_UNINITIALIZED_AUTOS = YES_AGGRESSIVE;
				GCC_WARN_UNUSED_FUNCTION = YES;
				GCC_WARN_UNUSED_VARIABLE = YES;
				IPHONEOS_DEPLOYMENT_TARGET = 11.2;
				MTL_ENABLE_DEBUG_INFO = YES;
				ONLY_ACTIVE_ARCH = YES;
				SDKROOT = iphoneos;
				SWIFT_ACTIVE_COMPILATION_CONDITIONS = DEBUG;
				SWIFT_OPTIMIZATION_LEVEL = "-Onone";
			};
			name = Debug;
		};
		5A7F26F6200A98E6006E44FB /* Release */ = {
			isa = XCBuildConfiguration;
			buildSettings = {
				ALWAYS_SEARCH_USER_PATHS = NO;
				CLANG_ANALYZER_NONNULL = YES;
				CLANG_ANALYZER_NUMBER_OBJECT_CONVERSION = YES_AGGRESSIVE;
				CLANG_CXX_LANGUAGE_STANDARD = "gnu++14";
				CLANG_CXX_LIBRARY = "libc++";
				CLANG_ENABLE_MODULES = YES;
				CLANG_ENABLE_OBJC_ARC = YES;
				CLANG_WARN_BLOCK_CAPTURE_AUTORELEASING = YES;
				CLANG_WARN_BOOL_CONVERSION = YES;
				CLANG_WARN_COMMA = YES;
				CLANG_WARN_CONSTANT_CONVERSION = YES;
				CLANG_WARN_DIRECT_OBJC_ISA_USAGE = YES_ERROR;
				CLANG_WARN_DOCUMENTATION_COMMENTS = YES;
				CLANG_WARN_EMPTY_BODY = YES;
				CLANG_WARN_ENUM_CONVERSION = YES;
				CLANG_WARN_INFINITE_RECURSION = YES;
				CLANG_WARN_INT_CONVERSION = YES;
				CLANG_WARN_NON_LITERAL_NULL_CONVERSION = YES;
				CLANG_WARN_OBJC_LITERAL_CONVERSION = YES;
				CLANG_WARN_OBJC_ROOT_CLASS = YES_ERROR;
				CLANG_WARN_RANGE_LOOP_ANALYSIS = YES;
				CLANG_WARN_STRICT_PROTOTYPES = YES;
				CLANG_WARN_SUSPICIOUS_MOVE = YES;
				CLANG_WARN_UNGUARDED_AVAILABILITY = YES_AGGRESSIVE;
				CLANG_WARN_UNREACHABLE_CODE = YES;
				CLANG_WARN__DUPLICATE_METHOD_MATCH = YES;
				CODE_SIGN_IDENTITY = "iPhone Developer";
				COPY_PHASE_STRIP = NO;
				DEBUG_INFORMATION_FORMAT = "dwarf-with-dsym";
				ENABLE_NS_ASSERTIONS = NO;
				ENABLE_STRICT_OBJC_MSGSEND = YES;
				GCC_C_LANGUAGE_STANDARD = gnu11;
				GCC_NO_COMMON_BLOCKS = YES;
				GCC_WARN_64_TO_32_BIT_CONVERSION = YES;
				GCC_WARN_ABOUT_RETURN_TYPE = YES_ERROR;
				GCC_WARN_UNDECLARED_SELECTOR = YES;
				GCC_WARN_UNINITIALIZED_AUTOS = YES_AGGRESSIVE;
				GCC_WARN_UNUSED_FUNCTION = YES;
				GCC_WARN_UNUSED_VARIABLE = YES;
				IPHONEOS_DEPLOYMENT_TARGET = 11.2;
				MTL_ENABLE_DEBUG_INFO = NO;
				SDKROOT = iphoneos;
				SWIFT_OPTIMIZATION_LEVEL = "-Owholemodule";
				VALIDATE_PRODUCT = YES;
			};
			name = Release;
		};
		5A7F26F8200A98E6006E44FB /* Debug */ = {
			isa = XCBuildConfiguration;
			baseConfigurationReference = 6B00ABCF060C11D4F8E87451 /* Pods-language_learner.debug.xcconfig */;
			buildSettings = {
				ASSETCATALOG_COMPILER_APPICON_NAME = AppIcon;
				CODE_SIGN_STYLE = Automatic;
				DEVELOPMENT_TEAM = 5VZQ8ND69D;
				INFOPLIST_FILE = language_learner/Info.plist;
				LD_RUNPATH_SEARCH_PATHS = "$(inherited) @executable_path/Frameworks";
				PRODUCT_BUNDLE_IDENTIFIER = "winfohackathon.language-learner";
				PRODUCT_NAME = "$(TARGET_NAME)";
				SWIFT_VERSION = 4.0;
				TARGETED_DEVICE_FAMILY = "1,2";
			};
			name = Debug;
		};
		5A7F26F9200A98E6006E44FB /* Release */ = {
			isa = XCBuildConfiguration;
			baseConfigurationReference = A933AB6EFEA1E1D4DA87C419 /* Pods-language_learner.release.xcconfig */;
			buildSettings = {
				ASSETCATALOG_COMPILER_APPICON_NAME = AppIcon;
				CODE_SIGN_STYLE = Automatic;
				DEVELOPMENT_TEAM = 5VZQ8ND69D;
				INFOPLIST_FILE = language_learner/Info.plist;
				LD_RUNPATH_SEARCH_PATHS = "$(inherited) @executable_path/Frameworks";
				PRODUCT_BUNDLE_IDENTIFIER = "winfohackathon.language-learner";
				PRODUCT_NAME = "$(TARGET_NAME)";
				SWIFT_VERSION = 4.0;
				TARGETED_DEVICE_FAMILY = "1,2";
			};
			name = Release;
		};
		5A7F26FB200A98E6006E44FB /* Debug */ = {
			isa = XCBuildConfiguration;
			baseConfigurationReference = 318F5B9EF53C54C0C03C80D3 /* Pods-language_learnerTests.debug.xcconfig */;
			buildSettings = {
				ALWAYS_EMBED_SWIFT_STANDARD_LIBRARIES = YES;
				BUNDLE_LOADER = "$(TEST_HOST)";
				CODE_SIGN_STYLE = Automatic;
				DEVELOPMENT_TEAM = 5VZQ8ND69D;
				INFOPLIST_FILE = language_learnerTests/Info.plist;
				LD_RUNPATH_SEARCH_PATHS = "$(inherited) @executable_path/Frameworks @loader_path/Frameworks";
				PRODUCT_BUNDLE_IDENTIFIER = "winfohackathon.language-learnerTests";
				PRODUCT_NAME = "$(TARGET_NAME)";
				SWIFT_VERSION = 4.0;
				TARGETED_DEVICE_FAMILY = "1,2";
				TEST_HOST = "$(BUILT_PRODUCTS_DIR)/language_learner.app/language_learner";
			};
			name = Debug;
		};
		5A7F26FC200A98E6006E44FB /* Release */ = {
			isa = XCBuildConfiguration;
			baseConfigurationReference = 88CC7BDB0DE193344708088E /* Pods-language_learnerTests.release.xcconfig */;
			buildSettings = {
				ALWAYS_EMBED_SWIFT_STANDARD_LIBRARIES = YES;
				BUNDLE_LOADER = "$(TEST_HOST)";
				CODE_SIGN_STYLE = Automatic;
				DEVELOPMENT_TEAM = 5VZQ8ND69D;
				INFOPLIST_FILE = language_learnerTests/Info.plist;
				LD_RUNPATH_SEARCH_PATHS = "$(inherited) @executable_path/Frameworks @loader_path/Frameworks";
				PRODUCT_BUNDLE_IDENTIFIER = "winfohackathon.language-learnerTests";
				PRODUCT_NAME = "$(TARGET_NAME)";
				SWIFT_VERSION = 4.0;
				TARGETED_DEVICE_FAMILY = "1,2";
				TEST_HOST = "$(BUILT_PRODUCTS_DIR)/language_learner.app/language_learner";
			};
			name = Release;
		};
		5A7F26FE200A98E6006E44FB /* Debug */ = {
			isa = XCBuildConfiguration;
			baseConfigurationReference = 5BEBB064172C01F07CB96E87 /* Pods-language_learnerUITests.debug.xcconfig */;
			buildSettings = {
				ALWAYS_EMBED_SWIFT_STANDARD_LIBRARIES = YES;
				CODE_SIGN_STYLE = Automatic;
				DEVELOPMENT_TEAM = 5VZQ8ND69D;
				INFOPLIST_FILE = language_learnerUITests/Info.plist;
				LD_RUNPATH_SEARCH_PATHS = "$(inherited) @executable_path/Frameworks @loader_path/Frameworks";
				PRODUCT_BUNDLE_IDENTIFIER = "winfohackathon.language-learnerUITests";
				PRODUCT_NAME = "$(TARGET_NAME)";
				SWIFT_VERSION = 4.0;
				TARGETED_DEVICE_FAMILY = "1,2";
				TEST_TARGET_NAME = language_learner;
			};
			name = Debug;
		};
		5A7F26FF200A98E6006E44FB /* Release */ = {
			isa = XCBuildConfiguration;
			baseConfigurationReference = B7216E14D536511C01B54971 /* Pods-language_learnerUITests.release.xcconfig */;
			buildSettings = {
				ALWAYS_EMBED_SWIFT_STANDARD_LIBRARIES = YES;
				CODE_SIGN_STYLE = Automatic;
				DEVELOPMENT_TEAM = 5VZQ8ND69D;
				INFOPLIST_FILE = language_learnerUITests/Info.plist;
				LD_RUNPATH_SEARCH_PATHS = "$(inherited) @executable_path/Frameworks @loader_path/Frameworks";
				PRODUCT_BUNDLE_IDENTIFIER = "winfohackathon.language-learnerUITests";
				PRODUCT_NAME = "$(TARGET_NAME)";
				SWIFT_VERSION = 4.0;
				TARGETED_DEVICE_FAMILY = "1,2";
				TEST_TARGET_NAME = language_learner;
			};
			name = Release;
		};
/* End XCBuildConfiguration section */

/* Begin XCConfigurationList section */
		5A7F26CA200A98E5006E44FB /* Build configuration list for PBXProject "language_learner" */ = {
			isa = XCConfigurationList;
			buildConfigurations = (
				5A7F26F5200A98E6006E44FB /* Debug */,
				5A7F26F6200A98E6006E44FB /* Release */,
			);
			defaultConfigurationIsVisible = 0;
			defaultConfigurationName = Release;
		};
		5A7F26F7200A98E6006E44FB /* Build configuration list for PBXNativeTarget "language_learner" */ = {
			isa = XCConfigurationList;
			buildConfigurations = (
				5A7F26F8200A98E6006E44FB /* Debug */,
				5A7F26F9200A98E6006E44FB /* Release */,
			);
			defaultConfigurationIsVisible = 0;
			defaultConfigurationName = Release;
		};
		5A7F26FA200A98E6006E44FB /* Build configuration list for PBXNativeTarget "language_learnerTests" */ = {
			isa = XCConfigurationList;
			buildConfigurations = (
				5A7F26FB200A98E6006E44FB /* Debug */,
				5A7F26FC200A98E6006E44FB /* Release */,
			);
			defaultConfigurationIsVisible = 0;
			defaultConfigurationName = Release;
		};
		5A7F26FD200A98E6006E44FB /* Build configuration list for PBXNativeTarget "language_learnerUITests" */ = {
			isa = XCConfigurationList;
			buildConfigurations = (
				5A7F26FE200A98E6006E44FB /* Debug */,
				5A7F26FF200A98E6006E44FB /* Release */,
			);
			defaultConfigurationIsVisible = 0;
			defaultConfigurationName = Release;
		};
/* End XCConfigurationList section */
	};
	rootObject = 5A7F26C7200A98E5006E44FB /* Project object */;
}
